
Microsoft Visual Studio Solution File, Format Version 12.00
# Visual Studio Version 17
VisualStudioVersion = 17.9.34728.123
MinimumVisualStudioVersion = 10.0.40219.1
Project("{FAE04EC0-301F-11D3-BF4B-00C04F79EFBC}") = "TardCastle", "TardCastle\TardCastle.csproj", "{D406C1DA-59C7-407E-A30F-7F9B756E9566}"
EndProject
Project("{FAE04EC0-301F-11D3-BF4B-00C04F79EFBC}") = "TardCastle.Client", "TardCastle.Client\TardCastle.Client.csproj", "{F600A906-3258-4001-A9CC-E6BFE585B645}"
EndProject
Project("{FAE04EC0-301F-11D3-BF4B-00C04F79EFBC}") = "TardCastle.TestProject", "..\TardCastle.TestProject\TardCastle.TestProject.csproj", "{46DA586C-7FF7-4653-B19E-F1E2847D677C}"
EndProject
Project("{FAE04EC0-301F-11D3-BF4B-00C04F79EFBC}") = "TardCastle.Lib", "..\TardCastle.Lib\TardCastle.Lib.csproj", "{6287719E-7CEF-407F-9ADB-C740AFEF605F}"
EndProject
Project("{FAE04EC0-301F-11D3-BF4B-00C04F79EFBC}") = "TardCastle.RazorLib", "..\TardCastle.RazorLib\TardCastle.RazorLib.csproj", "{310E4791-8E79-403E-B93C-953EC927A71A}"
EndProject
Global
	GlobalSection(SolutionConfigurationPlatforms) = preSolution
		Debug|Any CPU = Debug|Any CPU
		Release|Any CPU = Release|Any CPU
	EndGlobalSection
	GlobalSection(ProjectConfigurationPlatforms) = postSolution
		{D406C1DA-59C7-407E-A30F-7F9B756E9566}.Debug|Any CPU.ActiveCfg = Debug|Any CPU
		{D406C1DA-59C7-407E-A30F-7F9B756E9566}.Debug|Any CPU.Build.0 = Debug|Any CPU
		{D406C1DA-59C7-407E-A30F-7F9B756E9566}.Release|Any CPU.ActiveCfg = Release|Any CPU
		{D406C1DA-59C7-407E-A30F-7F9B756E9566}.Release|Any CPU.Build.0 = Release|Any CPU
		{F600A906-3258-4001-A9CC-E6BFE585B645}.Debug|Any CPU.ActiveCfg = Debug|Any CPU
		{F600A906-3258-4001-A9CC-E6BFE585B645}.Debug|Any CPU.Build.0 = Debug|Any CPU
		{F600A906-3258-4001-A9CC-E6BFE585B645}.Release|Any CPU.ActiveCfg = Release|Any CPU
		{F600A906-3258-4001-A9CC-E6BFE585B645}.Release|Any CPU.Build.0 = Release|Any CPU
		{46DA586C-7FF7-4653-B19E-F1E2847D677C}.Debug|Any CPU.ActiveCfg = Debug|Any CPU
		{46DA586C-7FF7-4653-B19E-F1E2847D677C}.Debug|Any CPU.Build.0 = Debug|Any CPU
		{46DA586C-7FF7-4653-B19E-F1E2847D677C}.Release|Any CPU.ActiveCfg = Release|Any CPU
		{46DA586C-7FF7-4653-B19E-F1E2847D677C}.Release|Any CPU.Build.0 = Release|Any CPU
		{6287719E-7CEF-407F-9ADB-C740AFEF605F}.Debug|Any CPU.ActiveCfg = Debug|Any CPU
		{6287719E-7CEF-407F-9ADB-C740AFEF605F}.Debug|Any CPU.Build.0 = Debug|Any CPU
		{6287719E-7CEF-407F-9ADB-C740AFEF605F}.Release|Any CPU.ActiveCfg = Release|Any CPU
		{6287719E-7CEF-407F-9ADB-C740AFEF605F}.Release|Any CPU.Build.0 = Release|Any CPU
		{310E4791-8E79-403E-B93C-953EC927A71A}.Debug|Any CPU.ActiveCfg = Debug|Any CPU
		{310E4791-8E79-403E-B93C-953EC927A71A}.Debug|Any CPU.Build.0 = Debug|Any CPU
		{310E4791-8E79-403E-B93C-953EC927A71A}.Release|Any CPU.ActiveCfg = Release|Any CPU
		{310E4791-8E79-403E-B93C-953EC927A71A}.Release|Any CPU.Build.0 = Release|Any CPU
	EndGlobalSection
	GlobalSection(SolutionProperties) = preSolution
		HideSolutionNode = FALSE
	EndGlobalSection
	GlobalSection(ExtensibilityGlobals) = postSolution
		SolutionGuid = {12989515-1AD4-4BD2-AEE9-77D06CF07C5F}
	EndGlobalSection
EndGlobal
